
Microsoft Visual Studio Solution File, Format Version 12.00
# Visual Studio Version 17
VisualStudioVersion = 17.8.34408.163
MinimumVisualStudioVersion = 10.0.40219.1
Project("{9A19103F-16F7-4668-BE54-9A1E7A4F7556}") = "Reoria.Godot", "source\Reoria.Godot\Reoria.Godot.csproj", "{58DE3929-E803-4AAD-B5E1-D9EA31CCB11B}"
EndProject
Project("{2150E333-8FDC-42A3-9474-1A3956D46DE8}") = "source", "source", "{037BB343-8942-45F8-AC05-55C2347D7769}"
EndProject
Project("{9A19103F-16F7-4668-BE54-9A1E7A4F7556}") = "Reoria.Data", "source\Reoria.Data\Reoria.Data.csproj", "{078220C4-8FD2-4DD3-9582-DCE10D6CB47E}"
EndProject
Project("{2150E333-8FDC-42A3-9474-1A3956D46DE8}") = "libraries", "libraries", "{39F3D8ED-7C6D-485F-98F5-9C9015B835FB}"
EndProject
Project("{FAE04EC0-301F-11D3-BF4B-00C04F79EFBC}") = "Reoria.Network", "source\Reoria.Network\Reoria.Network.csproj", "{F7ED14AE-2163-4D8A-A46E-12C5BBF293E1}"
EndProject
Project("{FAE04EC0-301F-11D3-BF4B-00C04F79EFBC}") = "Reoria.Server.Authentication", "source\Reoria.Server.Authentication\Reoria.Server.Authentication.csproj", "{0EDD7101-6F3A-4482-9DF4-A1D424E99F7D}"
EndProject
Project("{FAE04EC0-301F-11D3-BF4B-00C04F79EFBC}") = "Reoria.Server", "source\Reoria.Server\Reoria.Server.csproj", "{62280D29-45CA-4F94-AB21-B91643A069C8}"
EndProject
Project("{FAE04EC0-301F-11D3-BF4B-00C04F79EFBC}") = "Reoria", "source\Reoria\Reoria.csproj", "{789ACBEB-6B74-4D92-9639-9CB7103A0FC0}"
EndProject
Global
	GlobalSection(SolutionConfigurationPlatforms) = preSolution
		Debug|Any CPU = Debug|Any CPU
		ExportDebug|Any CPU = ExportDebug|Any CPU
		ExportRelease|Any CPU = ExportRelease|Any CPU
		Release|Any CPU = Release|Any CPU
	EndGlobalSection
	GlobalSection(ProjectConfigurationPlatforms) = postSolution
		{58DE3929-E803-4AAD-B5E1-D9EA31CCB11B}.Debug|Any CPU.ActiveCfg = Debug|Any CPU
		{58DE3929-E803-4AAD-B5E1-D9EA31CCB11B}.Debug|Any CPU.Build.0 = Debug|Any CPU
		{58DE3929-E803-4AAD-B5E1-D9EA31CCB11B}.ExportDebug|Any CPU.ActiveCfg = ExportDebug|Any CPU
		{58DE3929-E803-4AAD-B5E1-D9EA31CCB11B}.ExportDebug|Any CPU.Build.0 = ExportDebug|Any CPU
		{58DE3929-E803-4AAD-B5E1-D9EA31CCB11B}.ExportRelease|Any CPU.ActiveCfg = ExportRelease|Any CPU
		{58DE3929-E803-4AAD-B5E1-D9EA31CCB11B}.ExportRelease|Any CPU.Build.0 = ExportRelease|Any CPU
		{58DE3929-E803-4AAD-B5E1-D9EA31CCB11B}.Release|Any CPU.ActiveCfg = ExportRelease|Any CPU
		{58DE3929-E803-4AAD-B5E1-D9EA31CCB11B}.Release|Any CPU.Build.0 = ExportRelease|Any CPU
		{078220C4-8FD2-4DD3-9582-DCE10D6CB47E}.Debug|Any CPU.ActiveCfg = Debug|Any CPU
		{078220C4-8FD2-4DD3-9582-DCE10D6CB47E}.Debug|Any CPU.Build.0 = Debug|Any CPU
		{078220C4-8FD2-4DD3-9582-DCE10D6CB47E}.ExportDebug|Any CPU.ActiveCfg = Debug|Any CPU
		{078220C4-8FD2-4DD3-9582-DCE10D6CB47E}.ExportDebug|Any CPU.Build.0 = Debug|Any CPU
		{078220C4-8FD2-4DD3-9582-DCE10D6CB47E}.ExportRelease|Any CPU.ActiveCfg = Release|Any CPU
		{078220C4-8FD2-4DD3-9582-DCE10D6CB47E}.ExportRelease|Any CPU.Build.0 = Release|Any CPU
		{078220C4-8FD2-4DD3-9582-DCE10D6CB47E}.Release|Any CPU.ActiveCfg = Release|Any CPU
		{078220C4-8FD2-4DD3-9582-DCE10D6CB47E}.Release|Any CPU.Build.0 = Release|Any CPU
		{F7ED14AE-2163-4D8A-A46E-12C5BBF293E1}.Debug|Any CPU.ActiveCfg = Debug|Any CPU
		{F7ED14AE-2163-4D8A-A46E-12C5BBF293E1}.Debug|Any CPU.Build.0 = Debug|Any CPU
		{F7ED14AE-2163-4D8A-A46E-12C5BBF293E1}.ExportDebug|Any CPU.ActiveCfg = Debug|Any CPU
		{F7ED14AE-2163-4D8A-A46E-12C5BBF293E1}.ExportDebug|Any CPU.Build.0 = Debug|Any CPU
		{F7ED14AE-2163-4D8A-A46E-12C5BBF293E1}.ExportRelease|Any CPU.ActiveCfg = Release|Any CPU
		{F7ED14AE-2163-4D8A-A46E-12C5BBF293E1}.ExportRelease|Any CPU.Build.0 = Release|Any CPU
		{F7ED14AE-2163-4D8A-A46E-12C5BBF293E1}.Release|Any CPU.ActiveCfg = Release|Any CPU
		{F7ED14AE-2163-4D8A-A46E-12C5BBF293E1}.Release|Any CPU.Build.0 = Release|Any CPU
		{0EDD7101-6F3A-4482-9DF4-A1D424E99F7D}.Debug|Any CPU.ActiveCfg = Debug|Any CPU
		{0EDD7101-6F3A-4482-9DF4-A1D424E99F7D}.Debug|Any CPU.Build.0 = Debug|Any CPU
		{0EDD7101-6F3A-4482-9DF4-A1D424E99F7D}.ExportDebug|Any CPU.ActiveCfg = Debug|Any CPU
		{0EDD7101-6F3A-4482-9DF4-A1D424E99F7D}.ExportDebug|Any CPU.Build.0 = Debug|Any CPU
		{0EDD7101-6F3A-4482-9DF4-A1D424E99F7D}.ExportRelease|Any CPU.ActiveCfg = Release|Any CPU
		{0EDD7101-6F3A-4482-9DF4-A1D424E99F7D}.ExportRelease|Any CPU.Build.0 = Release|Any CPU
		{0EDD7101-6F3A-4482-9DF4-A1D424E99F7D}.Release|Any CPU.ActiveCfg = Release|Any CPU
		{0EDD7101-6F3A-4482-9DF4-A1D424E99F7D}.Release|Any CPU.Build.0 = Release|Any CPU
		{62280D29-45CA-4F94-AB21-B91643A069C8}.Debug|Any CPU.ActiveCfg = Debug|Any CPU
		{62280D29-45CA-4F94-AB21-B91643A069C8}.Debug|Any CPU.Build.0 = Debug|Any CPU
		{62280D29-45CA-4F94-AB21-B91643A069C8}.ExportDebug|Any CPU.ActiveCfg = Debug|Any CPU
		{62280D29-45CA-4F94-AB21-B91643A069C8}.ExportDebug|Any CPU.Build.0 = Debug|Any CPU
		{62280D29-45CA-4F94-AB21-B91643A069C8}.ExportRelease|Any CPU.ActiveCfg = Release|Any CPU
		{62280D29-45CA-4F94-AB21-B91643A069C8}.ExportRelease|Any CPU.Build.0 = Release|Any CPU
		{62280D29-45CA-4F94-AB21-B91643A069C8}.Release|Any CPU.ActiveCfg = Release|Any CPU
		{62280D29-45CA-4F94-AB21-B91643A069C8}.Release|Any CPU.Build.0 = Release|Any CPU
		{789ACBEB-6B74-4D92-9639-9CB7103A0FC0}.Debug|Any CPU.ActiveCfg = Debug|Any CPU
		{789ACBEB-6B74-4D92-9639-9CB7103A0FC0}.Debug|Any CPU.Build.0 = Debug|Any CPU
		{789ACBEB-6B74-4D92-9639-9CB7103A0FC0}.ExportDebug|Any CPU.ActiveCfg = Debug|Any CPU
		{789ACBEB-6B74-4D92-9639-9CB7103A0FC0}.ExportDebug|Any CPU.Build.0 = Debug|Any CPU
		{789ACBEB-6B74-4D92-9639-9CB7103A0FC0}.ExportRelease|Any CPU.ActiveCfg = Release|Any CPU
		{789ACBEB-6B74-4D92-9639-9CB7103A0FC0}.ExportRelease|Any CPU.Build.0 = Release|Any CPU
		{789ACBEB-6B74-4D92-9639-9CB7103A0FC0}.Release|Any CPU.ActiveCfg = Release|Any CPU
		{789ACBEB-6B74-4D92-9639-9CB7103A0FC0}.Release|Any CPU.Build.0 = Release|Any CPU
	EndGlobalSection
	GlobalSection(SolutionProperties) = preSolution
		HideSolutionNode = FALSE
	EndGlobalSection
	GlobalSection(NestedProjects) = preSolution
		{58DE3929-E803-4AAD-B5E1-D9EA31CCB11B} = {037BB343-8942-45F8-AC05-55C2347D7769}
		{078220C4-8FD2-4DD3-9582-DCE10D6CB47E} = {39F3D8ED-7C6D-485F-98F5-9C9015B835FB}
		{39F3D8ED-7C6D-485F-98F5-9C9015B835FB} = {037BB343-8942-45F8-AC05-55C2347D7769}
		{F7ED14AE-2163-4D8A-A46E-12C5BBF293E1} = {39F3D8ED-7C6D-485F-98F5-9C9015B835FB}
		{0EDD7101-6F3A-4482-9DF4-A1D424E99F7D} = {037BB343-8942-45F8-AC05-55C2347D7769}
		{62280D29-45CA-4F94-AB21-B91643A069C8} = {037BB343-8942-45F8-AC05-55C2347D7769}
		{789ACBEB-6B74-4D92-9639-9CB7103A0FC0} = {39F3D8ED-7C6D-485F-98F5-9C9015B835FB}
	EndGlobalSection
	GlobalSection(ExtensibilityGlobals) = postSolution
		SolutionGuid = {B874FB42-7E75-4B94-BB12-BFDF5FEBAE7C}
	EndGlobalSection
EndGlobal
